
Microsoft Visual Studio Solution File, Format Version 12.00
# Visual Studio Version 17
VisualStudioVersion = 17.5.33516.290
MinimumVisualStudioVersion = 10.0.40219.1
Project("{9A19103F-16F7-4668-BE54-9A1E7A4F7556}") = "TinyUrlGenerator", "TinyUrlGenerator\TinyUrlGenerator.csproj", "{00633227-B037-4A3A-B4FA-6A87C80B1DB5}"
EndProject
Global
	GlobalSection(SolutionConfigurationPlatforms) = preSolution
		Debug|Any CPU = Debug|Any CPU
		Release|Any CPU = Release|Any CPU
	EndGlobalSection
	GlobalSection(ProjectConfigurationPlatforms) = postSolution
		{00633227-B037-4A3A-B4FA-6A87C80B1DB5}.Debug|Any CPU.ActiveCfg = Debug|Any CPU
		{00633227-B037-4A3A-B4FA-6A87C80B1DB5}.Debug|Any CPU.Build.0 = Debug|Any CPU
		{00633227-B037-4A3A-B4FA-6A87C80B1DB5}.Release|Any CPU.ActiveCfg = Release|Any CPU
		{00633227-B037-4A3A-B4FA-6A87C80B1DB5}.Release|Any CPU.Build.0 = Release|Any CPU
	EndGlobalSection
	GlobalSection(SolutionProperties) = preSolution
		HideSolutionNode = FALSE
	EndGlobalSection
	GlobalSection(ExtensibilityGlobals) = postSolution
		SolutionGuid = {C2763850-D5A2-4E40-9BD3-C9335EDA00C6}
	EndGlobalSection
EndGlobal
